
Microsoft Visual Studio Solution File, Format Version 12.00
# Visual Studio Version 17
VisualStudioVersion = 17.0.32112.339
MinimumVisualStudioVersion = 10.0.40219.1
Project("{9A19103F-16F7-4668-BE54-9A1E7A4F7556}") = "CarEngine", "CarEngine\CarEngine.csproj", "{AC83B645-CB1B-490F-90CF-3DFBCF3B00C0}"
EndProject
Project("{FAE04EC0-301F-11D3-BF4B-00C04F79EFBC}") = "Models", "Models\Models.csproj", "{B28F0577-6A87-4BA1-9B2C-5CB718126044}"
EndProject
Project("{FAE04EC0-301F-11D3-BF4B-00C04F79EFBC}") = "DataAccess", "DataAccess\DataAccess.csproj", "{BD38433E-51EF-43DE-9D4F-180BBAC852F0}"
EndProject
Global
	GlobalSection(SolutionConfigurationPlatforms) = preSolution
		Debug|Any CPU = Debug|Any CPU
		Release|Any CPU = Release|Any CPU
	EndGlobalSection
	GlobalSection(ProjectConfigurationPlatforms) = postSolution
		{AC83B645-CB1B-490F-90CF-3DFBCF3B00C0}.Debug|Any CPU.ActiveCfg = Debug|Any CPU
		{AC83B645-CB1B-490F-90CF-3DFBCF3B00C0}.Debug|Any CPU.Build.0 = Debug|Any CPU
		{AC83B645-CB1B-490F-90CF-3DFBCF3B00C0}.Release|Any CPU.ActiveCfg = Release|Any CPU
		{AC83B645-CB1B-490F-90CF-3DFBCF3B00C0}.Release|Any CPU.Build.0 = Release|Any CPU
		{B28F0577-6A87-4BA1-9B2C-5CB718126044}.Debug|Any CPU.ActiveCfg = Debug|Any CPU
		{B28F0577-6A87-4BA1-9B2C-5CB718126044}.Debug|Any CPU.Build.0 = Debug|Any CPU
		{B28F0577-6A87-4BA1-9B2C-5CB718126044}.Release|Any CPU.ActiveCfg = Release|Any CPU
		{B28F0577-6A87-4BA1-9B2C-5CB718126044}.Release|Any CPU.Build.0 = Release|Any CPU
		{BD38433E-51EF-43DE-9D4F-180BBAC852F0}.Debug|Any CPU.ActiveCfg = Debug|Any CPU
		{BD38433E-51EF-43DE-9D4F-180BBAC852F0}.Debug|Any CPU.Build.0 = Debug|Any CPU
		{BD38433E-51EF-43DE-9D4F-180BBAC852F0}.Release|Any CPU.ActiveCfg = Release|Any CPU
		{BD38433E-51EF-43DE-9D4F-180BBAC852F0}.Release|Any CPU.Build.0 = Release|Any CPU
	EndGlobalSection
	GlobalSection(SolutionProperties) = preSolution
		HideSolutionNode = FALSE
	EndGlobalSection
	GlobalSection(ExtensibilityGlobals) = postSolution
		SolutionGuid = {8D712DA7-6BFD-4AE8-B69F-F8E120D3BA89}
	EndGlobalSection
EndGlobal
